
Microsoft Visual Studio Solution File, Format Version 12.00
# Visual Studio Version 16
VisualStudioVersion = 16.0.31005.135
MinimumVisualStudioVersion = 10.0.40219.1
Project("{FAE04EC0-301F-11D3-BF4B-00C04F79EFBC}") = "AutorizzazioneSemplice", "AutorizzazioneSemplice\AutorizzazioneSemplice.csproj", "{B80FEFBE-F314-46F2-9727-410C4F3A2E36}"
EndProject
Global
	GlobalSection(SolutionConfigurationPlatforms) = preSolution
		Debug|Any CPU = Debug|Any CPU
		Release|Any CPU = Release|Any CPU
	EndGlobalSection
	GlobalSection(ProjectConfigurationPlatforms) = postSolution
		{B80FEFBE-F314-46F2-9727-410C4F3A2E36}.Debug|Any CPU.ActiveCfg = Debug|Any CPU
		{B80FEFBE-F314-46F2-9727-410C4F3A2E36}.Debug|Any CPU.Build.0 = Debug|Any CPU
		{B80FEFBE-F314-46F2-9727-410C4F3A2E36}.Release|Any CPU.ActiveCfg = Release|Any CPU
		{B80FEFBE-F314-46F2-9727-410C4F3A2E36}.Release|Any CPU.Build.0 = Release|Any CPU
	EndGlobalSection
	GlobalSection(SolutionProperties) = preSolution
		HideSolutionNode = FALSE
	EndGlobalSection
	GlobalSection(ExtensibilityGlobals) = postSolution
		SolutionGuid = {C584875C-E3D8-4FD2-B2FD-401B95C971A9}
	EndGlobalSection
EndGlobal
